<?xml version="1.0" encoding="utf-8"?>
<Project ToolsVersion="4.0" xmlns="http://schemas.microsoft.com/developer/msbuild/2003">
  <ItemGroup>
    <Filter Include="Header Files">
      <UniqueIdentifier>{e850f24d-093f-4c30-a99c-413a7dfa71b8}</UniqueIdentifier>
    </Filter>
    <Filter Include="Resource Files">
      <UniqueIdentifier>{f18cd969-acc3-480c-9147-ea3ae1c8ba92}</UniqueIdentifier>
    </Filter>
    <Filter Include="Source Files">
      <UniqueIdentifier>{bdd0568e-d423-4fcc-affe-6ba0c2a40f78}</UniqueIdentifier>
    </Filter>
    <Filter Include="Header Files\src">
      <UniqueIdentifier>{fcd80aa4-3619-4cdb-8ba7-5e8caf895acf}</UniqueIdentifier>
    </Filter>
    <Filter Include="Source Files\vm">
      <UniqueIdentifier>{819bde03-baa2-473b-9e92-5e14b5ecc94c}</UniqueIdentifier>
    </Filter>
    <Filter Include="Header Files\src\vm">
      <UniqueIdentifier>{5ac5b9d4-94be-4d4c-bc96-2346dfb65022}</UniqueIdentifier>
    </Filter>
    <Filter Include="Header Files\src\dvdnav">
      <UniqueIdentifier>{02c3c34b-5544-4dba-9678-a7c77cf00a82}</UniqueIdentifier>
    </Filter>
  </ItemGroup>
  <ItemGroup>
    <ClCompile Include="..\src\dvdnav.c">
      <Filter>Source Files</Filter>
    </ClCompile>
    <ClCompile Include="..\src\highlight.c">
      <Filter>Source Files</Filter>
    </ClCompile>
    <ClCompile Include="..\src\navigation.c">
      <Filter>Source Files</Filter>
    </ClCompile>
    <ClCompile Include="..\src\read_cache.c">
      <Filter>Source Files</Filter>
    </ClCompile>
    <ClCompile Include="..\src\searching.c">
      <Filter>Source Files</Filter>
    </ClCompile>
    <ClCompile Include="..\src\settings.c">
      <Filter>Source Files</Filter>
    </ClCompile>
    <ClCompile Include="..\src\vm\vmget.c">
      <Filter>Source Files\vm</Filter>
    </ClCompile>
    <ClCompile Include="..\src\vm\decoder.c">
      <Filter>Source Files\vm</Filter>
    </ClCompile>
    <ClCompile Include="..\src\vm\getset.c">
      <Filter>Source Files\vm</Filter>
    </ClCompile>
    <ClCompile Include="..\src\vm\play.c">
      <Filter>Source Files\vm</Filter>
    </ClCompile>
    <ClCompile Include="..\src\vm\vm.c">
      <Filter>Source Files\vm</Filter>
    </ClCompile>
    <ClCompile Include="..\src\vm\vmcmd.c">
      <Filter>Source Files\vm</Filter>
    </ClCompile>
  </ItemGroup>
  <ItemGroup>
    <ClInclude Include="..\src\dvdnav_internal.h">
      <Filter>Header Files\src</Filter>
    </ClInclude>
    <ClInclude Include="..\src\read_cache.h">
      <Filter>Header Files\src</Filter>
    </ClInclude>
    <ClInclude Include="..\src\vm\play.h">
      <Filter>Header Files\src\vm</Filter>
    </ClInclude>
    <ClInclude Include="..\src\vm\vm.h">
      <Filter>Header Files\src\vm</Filter>
    </ClInclude>
    <ClInclude Include="..\src\vm\vmcmd.h">
      <Filter>Header Files\src\vm</Filter>
    </ClInclude>
    <ClInclude Include="..\src\vm\decoder.h">
      <Filter>Header Files\src\vm</Filter>
    </ClInclude>
    <ClInclude Include="..\src\vm\getset.h">
      <Filter>Header Files\src\vm</Filter>
    </ClInclude>
    <ClInclude Include="..\src\dvdnav\dvdnav.h">
      <Filter>Header Files\src\dvdnav</Filter>
    </ClInclude>
    <ClInclude Include="..\src\dvdnav\dvdnav_events.h">
      <Filter>Header Files\src\dvdnav</Filter>
    </ClInclude>
    <ClInclude Include="..\src\dvdnav\dvd_types.h">
      <Filter>Header Files\src\dvdnav</Filter>
    </ClInclude>
    <ClInclude Include="config.h">
      <Filter>Header Files</Filter>
    </ClInclude>
    <ClInclude Include="version.h">
      <Filter>Header Files</Filter>
    </ClInclude>
  </ItemGroup>
  <ItemGroup>
    <None Include="libdvdnav.def">
      <Filter>Resource Files</Filter>
    </None>
  </ItemGroup>
</Project>